hash: 0b120dd1a3db88f09d3a58c0f943e76d826fc2340ec300414d64c633054a04b3
updated: 2016-04-23T16:06:04.060809027+09:00
imports:
- name: github.com/davecgh/go-spew
  version: 5215b55f46b2b919f50a1df0eaa5886afe4e3b3d
  subpackages:
  - spew
- name: github.com/gorilla/context
  version: a8d44e7d8e4d532b6a27a02dd82abb31cc1b01bd
- name: github.com/gorilla/mux
  version: 0eeaf8392f5b04950925b8a69fe70f110fa7cbfc
- name: github.com/jessevdk/go-flags
  version: 6b9493b3cb60367edd942144879646604089e3f7
- name: github.com/lestrrat/go-jshschema
  version: 4514acd168a63041862eb3d223a09a789cae6b3b
- name: github.com/lestrrat/go-jspointer
  version: f4881e611bdbe9fb413a7780721ef8400a1f2341
- name: github.com/lestrrat/go-jsref
  version: abc2d3e204518e66d391722814667f2707de3447
  subpackages:
  - provider
- name: github.com/lestrrat/go-jsschema
  version: 29ed749b2386595fd62b5d919e8cff759c38185a
- name: github.com/lestrrat/go-jsval
  version: 8f072535da03ced2bba6832045278c6538015b20
  subpackages:
  - builder
- name: github.com/lestrrat/go-pdebug
  version: a45b04725d5819f9f30fb68085be53b90a1d55f1
- name: github.com/lestrrat/go-structinfo
  version: f74c056fe41f860aa6264478c664a6fff8a64298
- name: github.com/lestrrat/go-urlenc
  version: 3fbec6e98ec8c1db27dbb9d9aa2c945574b597bc
- name: golang.org/x/net
  version: b797637b7aeeed133049c7281bfa31dcc9ca42d6
  subpackages:
  - context
devImports: []
